Microsoft Visual Studio Solution File, Format Version 10.00
# Visual Studio 2008
Project("{8BC9CEB8-8B4A-11D0-8D11-00A0C91BC942}") = "state", "..\..\state\state.vcproj", "{CD748021-0907-40C4-9306-6EF9AC1D5954}"
EndProject
Project("{8BC9CEB8-8B4A-11D0-8D11-00A0C91BC942}") = "state_test", "..\..\state\state_test.vcproj", "{70C6CF46-D089-49B2-BBD0-EC051BA506FC}"
EndProject
Global
	GlobalSection(SolutionConfigurationPlatforms) = preSolution
		Debug|Win32 = Debug|Win32
		Release|Win32 = Release|Win32
	EndGlobalSection
	GlobalSection(ProjectConfigurationPlatforms) = postSolution
		{CD748021-0907-40C4-9306-6EF9AC1D5954}.Debug|Win32.ActiveCfg = Debug|Win32
		{CD748021-0907-40C4-9306-6EF9AC1D5954}.Debug|Win32.Build.0 = Debug|Win32
		{CD748021-0907-40C4-9306-6EF9AC1D5954}.Release|Win32.ActiveCfg = Release|Win32
		{CD748021-0907-40C4-9306-6EF9AC1D5954}.Release|Win32.Build.0 = Release|Win32
		{70C6CF46-D089-49B2-BBD0-EC051BA506FC}.Debug|Win32.ActiveCfg = Debug|Win32
		{70C6CF46-D089-49B2-BBD0-EC051BA506FC}.Debug|Win32.Build.0 = Debug|Win32
		{70C6CF46-D089-49B2-BBD0-EC051BA506FC}.Release|Win32.ActiveCfg = Release|Win32
		{70C6CF46-D089-49B2-BBD0-EC051BA506FC}.Release|Win32.Build.0 = Release|Win32
	EndGlobalSection
	GlobalSection(SolutionProperties) = preSolution
		HideSolutionNode = FALSE
	EndGlobalSection
EndGlobal
